{
  "requires": true,
  "lockfileVersion": 1,
  "dependencies": {
    "markerwithlabel": {
      "version": "2.0.1",
      "resolved": "https://registry.npmjs.org/markerwithlabel/-/markerwithlabel-2.0.1.tgz",
      "integrity": "sha512-UnfHImP2rVpUHDa18/08DvOaMB1NjSkeE/wkiI7DgvflzcK3rKwb2DHU4u9tSEHfjf2piR/E7I9zGvUZRHivqg==",
      "dev": true
    }
  }
}
